
Microsoft Visual Studio Solution File, Format Version 12.00
# Visual Studio Version 16
VisualStudioVersion = 16.0.34301.259
MinimumVisualStudioVersion = 10.0.40219.1
Project("{FAE04EC0-301F-11D3-BF4B-00C04F79EFBC}") = "BaiTap01", "BaiTap01\BaiTap01.csproj", "{71FBEFE6-F50B-4F78-894B-5A87A2446E9B}"
EndProject
Project("{FAE04EC0-301F-11D3-BF4B-00C04F79EFBC}") = "BaiTap02", "BaiTap02\BaiTap02.csproj", "{5F1F2E96-27C5-4311-8DC6-85C2889BE244}"
EndProject
Global
	GlobalSection(SolutionConfigurationPlatforms) = preSolution
		Debug|Any CPU = Debug|Any CPU
		Release|Any CPU = Release|Any CPU
	EndGlobalSection
	GlobalSection(ProjectConfigurationPlatforms) = postSolution
		{71FBEFE6-F50B-4F78-894B-5A87A2446E9B}.Debug|Any CPU.ActiveCfg = Debug|Any CPU
		{71FBEFE6-F50B-4F78-894B-5A87A2446E9B}.Debug|Any CPU.Build.0 = Debug|Any CPU
		{71FBEFE6-F50B-4F78-894B-5A87A2446E9B}.Release|Any CPU.ActiveCfg = Release|Any CPU
		{71FBEFE6-F50B-4F78-894B-5A87A2446E9B}.Release|Any CPU.Build.0 = Release|Any CPU
		{5F1F2E96-27C5-4311-8DC6-85C2889BE244}.Debug|Any CPU.ActiveCfg = Debug|Any CPU
		{5F1F2E96-27C5-4311-8DC6-85C2889BE244}.Debug|Any CPU.Build.0 = Debug|Any CPU
		{5F1F2E96-27C5-4311-8DC6-85C2889BE244}.Release|Any CPU.ActiveCfg = Release|Any CPU
		{5F1F2E96-27C5-4311-8DC6-85C2889BE244}.Release|Any CPU.Build.0 = Release|Any CPU
	EndGlobalSection
	GlobalSection(SolutionProperties) = preSolution
		HideSolutionNode = FALSE
	EndGlobalSection
	GlobalSection(ExtensibilityGlobals) = postSolution
		SolutionGuid = {1AD41E14-4C4A-42CD-B02C-D1E62862F7B6}
	EndGlobalSection
EndGlobal
